
Microsoft Visual Studio Solution File, Format Version 12.00
# Visual Studio 15
VisualStudioVersion = 15.0.28010.2003
MinimumVisualStudioVersion = 10.0.40219.1
Project("{FAE04EC0-301F-11D3-BF4B-00C04F79EFBC}") = "SignalR", "SignalR\SignalR.csproj", "{887D01D5-10A3-4D1E-A6DE-912A3908EE3B}"
EndProject
Global
	GlobalSection(SolutionConfigurationPlatforms) = preSolution
		Debug|Any CPU = Debug|Any CPU
		Release|Any CPU = Release|Any CPU
	EndGlobalSection
	GlobalSection(ProjectConfigurationPlatforms) = postSolution
		{887D01D5-10A3-4D1E-A6DE-912A3908EE3B}.Debug|Any CPU.ActiveCfg = Debug|Any CPU
		{887D01D5-10A3-4D1E-A6DE-912A3908EE3B}.Debug|Any CPU.Build.0 = Debug|Any CPU
		{887D01D5-10A3-4D1E-A6DE-912A3908EE3B}.Release|Any CPU.ActiveCfg = Release|Any CPU
		{887D01D5-10A3-4D1E-A6DE-912A3908EE3B}.Release|Any CPU.Build.0 = Release|Any CPU
	EndGlobalSection
	GlobalSection(SolutionProperties) = preSolution
		HideSolutionNode = FALSE
	EndGlobalSection
	GlobalSection(ExtensibilityGlobals) = postSolution
		SolutionGuid = {38B40407-C506-4028-8C0A-08238BF3D53B}
	EndGlobalSection
EndGlobal
